
Microsoft Visual Studio Solution File, Format Version 12.00
# Visual Studio Version 16
VisualStudioVersion = 16.0.32630.194
MinimumVisualStudioVersion = 10.0.40219.1
Project("{FAE04EC0-301F-11D3-BF4B-00C04F79EFBC}") = "Operator1", "Operator1\Operator1.csproj", "{234A4246-E1CE-473B-8C26-FD225A3F0E17}"
EndProject
Global
	GlobalSection(SolutionConfigurationPlatforms) = preSolution
		Debug|Any CPU = Debug|Any CPU
		Release|Any CPU = Release|Any CPU
	EndGlobalSection
	GlobalSection(ProjectConfigurationPlatforms) = postSolution
		{234A4246-E1CE-473B-8C26-FD225A3F0E17}.Debug|Any CPU.ActiveCfg = Debug|Any CPU
		{234A4246-E1CE-473B-8C26-FD225A3F0E17}.Debug|Any CPU.Build.0 = Debug|Any CPU
		{234A4246-E1CE-473B-8C26-FD225A3F0E17}.Release|Any CPU.ActiveCfg = Release|Any CPU
		{234A4246-E1CE-473B-8C26-FD225A3F0E17}.Release|Any CPU.Build.0 = Release|Any CPU
	EndGlobalSection
	GlobalSection(SolutionProperties) = preSolution
		HideSolutionNode = FALSE
	EndGlobalSection
	GlobalSection(ExtensibilityGlobals) = postSolution
		SolutionGuid = {350459ED-BB2F-41A4-A421-96C225CF6334}
	EndGlobalSection
EndGlobal
