
Microsoft Visual Studio Solution File, Format Version 12.00
# Visual Studio Version 16
VisualStudioVersion = 16.0.32630.194
MinimumVisualStudioVersion = 10.0.40219.1
Project("{FAE04EC0-301F-11D3-BF4B-00C04F79EFBC}") = "WebApplication", "WebApplication\WebApplication.csproj", "{7F31A3AC-383A-4A3C-8894-5627A9494F3D}"
EndProject
Global
	GlobalSection(SolutionConfigurationPlatforms) = preSolution
		Debug|Any CPU = Debug|Any CPU
		Release|Any CPU = Release|Any CPU
	EndGlobalSection
	GlobalSection(ProjectConfigurationPlatforms) = postSolution
		{7F31A3AC-383A-4A3C-8894-5627A9494F3D}.Debug|Any CPU.ActiveCfg = Debug|Any CPU
		{7F31A3AC-383A-4A3C-8894-5627A9494F3D}.Debug|Any CPU.Build.0 = Debug|Any CPU
		{7F31A3AC-383A-4A3C-8894-5627A9494F3D}.Release|Any CPU.ActiveCfg = Release|Any CPU
		{7F31A3AC-383A-4A3C-8894-5627A9494F3D}.Release|Any CPU.Build.0 = Release|Any CPU
	EndGlobalSection
	GlobalSection(SolutionProperties) = preSolution
		HideSolutionNode = FALSE
	EndGlobalSection
	GlobalSection(ExtensibilityGlobals) = postSolution
		SolutionGuid = {7AADC2E1-97EC-4AB4-9B5C-9B8348032D46}
	EndGlobalSection
EndGlobal
