
Microsoft Visual Studio Solution File, Format Version 12.00
# Visual Studio Version 16
VisualStudioVersion = 16.0.32630.194
MinimumVisualStudioVersion = 10.0.40219.1
Project("{FAE04EC0-301F-11D3-BF4B-00C04F79EFBC}") = "Income sheet", "Income sheet\Income sheet.csproj", "{5A1E50C5-4311-4FFA-AD58-CA18187EF6AC}"
EndProject
Global
	GlobalSection(SolutionConfigurationPlatforms) = preSolution
		Debug|Any CPU = Debug|Any CPU
		Release|Any CPU = Release|Any CPU
	EndGlobalSection
	GlobalSection(ProjectConfigurationPlatforms) = postSolution
		{5A1E50C5-4311-4FFA-AD58-CA18187EF6AC}.Debug|Any CPU.ActiveCfg = Debug|Any CPU
		{5A1E50C5-4311-4FFA-AD58-CA18187EF6AC}.Debug|Any CPU.Build.0 = Debug|Any CPU
		{5A1E50C5-4311-4FFA-AD58-CA18187EF6AC}.Release|Any CPU.ActiveCfg = Release|Any CPU
		{5A1E50C5-4311-4FFA-AD58-CA18187EF6AC}.Release|Any CPU.Build.0 = Release|Any CPU
	EndGlobalSection
	GlobalSection(SolutionProperties) = preSolution
		HideSolutionNode = FALSE
	EndGlobalSection
	GlobalSection(ExtensibilityGlobals) = postSolution
		SolutionGuid = {D93C49E9-12CF-4EDC-BFF6-DA646013B09A}
	EndGlobalSection
EndGlobal
