
Microsoft Visual Studio Solution File, Format Version 12.00
# Visual Studio Version 16
VisualStudioVersion = 16.0.32630.194
MinimumVisualStudioVersion = 10.0.40219.1
Project("{FAE04EC0-301F-11D3-BF4B-00C04F79EFBC}") = "Datetime", "Datetime\Datetime.csproj", "{433489CD-34F0-4A8C-8847-7C73FCD793A0}"
EndProject
Global
	GlobalSection(SolutionConfigurationPlatforms) = preSolution
		Debug|Any CPU = Debug|Any CPU
		Release|Any CPU = Release|Any CPU
	EndGlobalSection
	GlobalSection(ProjectConfigurationPlatforms) = postSolution
		{433489CD-34F0-4A8C-8847-7C73FCD793A0}.Debug|Any CPU.ActiveCfg = Debug|Any CPU
		{433489CD-34F0-4A8C-8847-7C73FCD793A0}.Debug|Any CPU.Build.0 = Debug|Any CPU
		{433489CD-34F0-4A8C-8847-7C73FCD793A0}.Release|Any CPU.ActiveCfg = Release|Any CPU
		{433489CD-34F0-4A8C-8847-7C73FCD793A0}.Release|Any CPU.Build.0 = Release|Any CPU
	EndGlobalSection
	GlobalSection(SolutionProperties) = preSolution
		HideSolutionNode = FALSE
	EndGlobalSection
	GlobalSection(ExtensibilityGlobals) = postSolution
		SolutionGuid = {85E6A068-060F-4906-973C-EBFAE79B735C}
	EndGlobalSection
EndGlobal
